{
  "name": "youtubesearcher",
  "version": "1.0.0",
  "lockfileVersion": 1,
  "requires": true,
  "dependencies": {
    "miniget": {
      "version": "4.2.0",
      "resolved": "https://registry.npmjs.org/miniget/-/miniget-4.2.0.tgz",
      "integrity": "sha512-IzTOaNgBw/qEpzkPTE7X2cUVXQfSKbG8w52Emi93zb+Zya2ZFrbmavpixzebuDJD9Ku4ecbaFlC7Y1cEESzQtQ=="
    },
    "ytsr": {
      "version": "3.3.1",
      "resolved": "https://registry.npmjs.org/ytsr/-/ytsr-3.3.1.tgz",
      "integrity": "sha512-OVFREa9GmtMlPhdSLLK30QX8JKf9Zy6xfBm6R/oJ2mjEaEmVC8vmE5C522lWNG553xZOZL4wkeTSPuFLZbo0PA==",
      "requires": {
        "miniget": "^4.2.0"
      }
    }
  }
}
